// !$*UTF8*$!
{
	archiveVersion = 1;
	classes = {
	};
	objectVersion = 56;
	objects = {

/* Begin PBXBuildFile section */
		BDEDEA9B2C4054C300D3D348 /* aboutMeAppApp.swift in Sources */ = {isa = PBXBuildFile; fileRef = BDEDEA9A2C4054C300D3D348 /* aboutMeAppApp.swift */; };
		BDEDEA9D2C4054C300D3D348 /* ContentView.swift in Sources */ = {isa = PBXBuildFile; fileRef = BDEDEA9C2C4054C300D3D348 /* ContentView.swift */; };
		BDEDEA9F2C4054C500D3D348 /* Assets.xcassets in Resources */ = {isa = PBXBuildFile; fileRef = BDEDEA9E2C4054C500D3D348 /* Assets.xcassets */; };
		BDEDEAA22C4054C500D3D348 /* Preview Assets.xcassets in Resources */ = {isa = PBXBuildFile; fileRef = BDEDEAA12C4054C500D3D348 /* Preview Assets.xcassets */; };
		BDEDEAAC2C4054C500D3D348 /* aboutMeAppTests.swift in Sources */ = {isa = PBXBuildFile; fileRef = BDEDEAAB2C4054C500D3D348 /* aboutMeAppTests.swift */; };
		BDEDEAB62C4054C500D3D348 /* aboutMeAppUITests.swift in Sources */ = {isa = PBXBuildFile; fileRef = BDEDEAB52C4054C500D3D348 /* aboutMeAppUITests.swift */; };
		BDEDEAB82C4054C500D3D348 /* aboutMeAppUITestsLaunchTests.swift in Sources */ = {isa = PBXBuildFile; fileRef = BDEDEAB72C4054C500D3D348 /* aboutMeAppUITestsLaunchTests.swift */; };
/* End PBXBuildFile section */

/* Begin PBXContainerItemProxy section */
		BDEDEAA82C4054C500D3D348 /* PBXContainerItemProxy */ = {
			isa = PBXContainerItemProxy;
			containerPortal = BDEDEA8F2C4054C300D3D348 /* Project object */;
			proxyType = 1;
			remoteGlobalIDString = BDEDEA962C4054C300D3D348;
			remoteInfo = aboutMeApp;
		};
		BDEDEAB22C4054C500D3D348 /* PBXContainerItemProxy */ = {
			isa = PBXContainerItemProxy;
			containerPortal = BDEDEA8F2C4054C300D3D348 /* Project object */;
			proxyType = 1;
			remoteGlobalIDString = BDEDEA962C4054C300D3D348;
			remoteInfo = aboutMeApp;
		};
/* End PBXContainerItemProxy section */

/* Begin PBXFileReference section */
		BDEDEA972C4054C300D3D348 /* aboutMeApp.app */ = {isa = PBXFileReference; explicitFileType = wrapper.application; includeInIndex = 0; path = aboutMeApp.app; sourceTree = BUILT_PRODUCTS_DIR; };
		BDEDEA9A2C4054C300D3D348 /* aboutMeAppApp.swift */ = {isa = PBXFileReference; lastKnownFileType = sourcecode.swift; path = aboutMeAppApp.swift; sourceTree = "<group>"; };
		BDEDEA9C2C4054C300D3D348 /* ContentView.swift */ = {isa = PBXFileReference; lastKnownFileType = sourcecode.swift; path = ContentView.swift; sourceTree = "<group>"; };
		BDEDEA9E2C4054C500D3D348 /* Assets.xcassets */ = {isa = PBXFileReference; lastKnownFileType = folder.assetcatalog; path = Assets.xcassets; sourceTree = "<group>"; };
		BDEDEAA12C4054C500D3D348 /* Preview Assets.xcassets */ = {isa = PBXFileReference; lastKnownFileType = folder.assetcatalog; path = "Preview Assets.xcassets"; sourceTree = "<group>"; };
		BDEDEAA72C4054C500D3D348 /* aboutMeAppTests.xctest */ = {isa = PBXFileReference; explicitFileType = wrapper.cfbundle; includeInIndex = 0; path = aboutMeAppTests.xctest; sourceTree = BUILT_PRODUCTS_DIR; };
		BDEDEAAB2C4054C500D3D348 /* aboutMeAppTests.swift */ = {isa = PBXFileReference; lastKnownFileType = sourcecode.swift; path = aboutMeAppTests.swift; sourceTree = "<group>"; };
		BDEDEAB12C4054C500D3D348 /* aboutMeAppUITests.xctest */ = {isa = PBXFileReference; explicitFileType = wrapper.cfbundle; includeInIndex = 0; path = aboutMeAppUITests.xctest; sourceTree = BUILT_PRODUCTS_DIR; };
		BDEDEAB52C4054C500D3D348 /* aboutMeAppUITests.swift */ = {isa = PBXFileReference; lastKnownFileType = sourcecode.swift; path = aboutMeAppUITests.swift; sourceTree = "<group>"; };
		BDEDEAB72C4054C500D3D348 /* aboutMeAppUITestsLaunchTests.swift */ = {isa = PBXFileReference; lastKnownFileType = sourcecode.swift; path = aboutMeAppUITestsLaunchTests.swift; sourceTree = "<group>"; };
/* End PBXFileReference section */

/* Begin PBXFrameworksBuildPhase section */
		BDEDEA942C4054C300D3D348 /* Frameworks */ = {
			isa = PBXFrameworksBuildPhase;
			buildActionMask = 2147483647;
			files = (
			);
			runOnlyForDeploymentPostprocessing = 0;
		};
		BDEDEAA42C4054C500D3D348 /* Frameworks */ = {
			isa = PBXFrameworksBuildPhase;
			buildActionMask = 2147483647;
			files = (
			);
			runOnlyForDeploymentPostprocessing = 0;
		};
		BDEDEAAE2C4054C500D3D348 /* Frameworks */ = {
			isa = PBXFrameworksBuildPhase;
			buildActionMask = 2147483647;
			files = (
			);
			runOnlyForDeploymentPostprocessing = 0;
		};
/* End PBXFrameworksBuildPhase section */

/* Begin PBXGroup section */
		BDEDEA8E2C4054C300D3D348 = {
			isa = PBXGroup;
			children = (
				BDEDEA992C4054C300D3D348 /* aboutMeApp */,
				BDEDEAAA2C4054C500D3D348 /* aboutMeAppTests */,
				BDEDEAB42C4054C500D3D348 /* aboutMeAppUITests */,
				BDEDEA982C4054C300D3D348 /* Products */,
			);
			sourceTree = "<group>";
		};
		BDEDEA982C4054C300D3D348 /* Products */ = {
			isa = PBXGroup;
			children = (
				BDEDEA972C4054C300D3D348 /* aboutMeApp.app */,
				BDEDEAA72C4054C500D3D348 /* aboutMeAppTests.xctest */,
				BDEDEAB12C4054C500D3D348 /* aboutMeAppUITests.xctest */,
			);
			name = Products;
			sourceTree = "<group>";
		};
		BDEDEA992C4054C300D3D348 /* aboutMeApp */ = {
			isa = PBXGroup;
			children = (
				BDEDEA9A2C4054C300D3D348 /* aboutMeAppApp.swift */,
				BDEDEA9C2C4054C300D3D348 /* ContentView.swift */,
				BDEDEA9E2C4054C500D3D348 /* Assets.xcassets */,
				BDEDEAA02C4054C500D3D348 /* Preview Content */,
			);
			path = aboutMeApp;
			sourceTree = "<group>";
		};
		BDEDEAA02C4054C500D3D348 /* Preview Content */ = {
			isa = PBXGroup;
			children = (
				BDEDEAA12C4054C500D3D348 /* Preview Assets.xcassets */,
			);
			path = "Preview Content";
			sourceTree = "<group>";
		};
		BDEDEAAA2C4054C500D3D348 /* aboutMeAppTests */ = {
			isa = PBXGroup;
			children = (
				BDEDEAAB2C4054C500D3D348 /* aboutMeAppTests.swift */,
			);
			path = aboutMeAppTests;
			sourceTree = "<group>";
		};
		BDEDEAB42C4054C500D3D348 /* aboutMeAppUITests */ = {
			isa = PBXGroup;
			children = (
				BDEDEAB52C4054C500D3D348 /* aboutMeAppUITests.swift */,
				BDEDEAB72C4054C500D3D348 /* aboutMeAppUITestsLaunchTests.swift */,
			);
			path = aboutMeAppUITests;
			sourceTree = "<group>";
		};
/* End PBXGroup section */

/* Begin PBXNativeTarget section */
		BDEDEA962C4054C300D3D348 /* aboutMeApp */ = {
			isa = PBXNativeTarget;
			buildConfigurationList = BDEDEABB2C4054C500D3D348 /* Build configuration list for PBXNativeTarget "aboutMeApp" */;
			buildPhases = (
				BDEDEA932C4054C300D3D348 /* Sources */,
				BDEDEA942C4054C300D3D348 /* Frameworks */,
				BDEDEA952C4054C300D3D348 /* Resources */,
			);
			buildRules = (
			);
			dependencies = (
			);
			name = aboutMeApp;
			productName = aboutMeApp;
			productReference = BDEDEA972C4054C300D3D348 /* aboutMeApp.app */;
			productType = "com.apple.product-type.application";
		};
		BDEDEAA62C4054C500D3D348 /* aboutMeAppTests */ = {
			isa = PBXNativeTarget;
			buildConfigurationList = BDEDEABE2C4054C500D3D348 /* Build configuration list for PBXNativeTarget "aboutMeAppTests" */;
			buildPhases = (
				BDEDEAA32C4054C500D3D348 /* Sources */,
				BDEDEAA42C4054C500D3D348 /* Frameworks */,
				BDEDEAA52C4054C500D3D348 /* Resources */,
			);
			buildRules = (
			);
			dependencies = (
				BDEDEAA92C4054C500D3D348 /* PBXTargetDependency */,
			);
			name = aboutMeAppTests;
			productName = aboutMeAppTests;
			productReference = BDEDEAA72C4054C500D3D348 /* aboutMeAppTests.xctest */;
			productType = "com.apple.product-type.bundle.unit-test";
		};
		BDEDEAB02C4054C500D3D348 /* aboutMeAppUITests */ = {
			isa = PBXNativeTarget;
			buildConfigurationList = BDEDEAC12C4054C500D3D348 /* Build configuration list for PBXNativeTarget "aboutMeAppUITests" */;
			buildPhases = (
				BDEDEAAD2C4054C500D3D348 /* Sources */,
				BDEDEAAE2C4054C500D3D348 /* Frameworks */,
				BDEDEAAF2C4054C500D3D348 /* Resources */,
			);
			buildRules = (
			);
			dependencies = (
				BDEDEAB32C4054C500D3D348 /* PBXTargetDependency */,
			);
			name = aboutMeAppUITests;
			productName = aboutMeAppUITests;
			productReference = BDEDEAB12C4054C500D3D348 /* aboutMeAppUITests.xctest */;
			productType = "com.apple.product-type.bundle.ui-testing";
		};
/* End PBXNativeTarget section */

/* Begin PBXProject section */
		BDEDEA8F2C4054C300D3D348 /* Project object */ = {
			isa = PBXProject;
			attributes = {
				BuildIndependentTargetsInParallel = 1;
				LastSwiftUpdateCheck = 1540;
				LastUpgradeCheck = 1540;
				TargetAttributes = {
					BDEDEA962C4054C300D3D348 = {
						CreatedOnToolsVersion = 15.4;
					};
					BDEDEAA62C4054C500D3D348 = {
						CreatedOnToolsVersion = 15.4;
						TestTargetID = BDEDEA962C4054C300D3D348;
					};
					BDEDEAB02C4054C500D3D348 = {
						CreatedOnToolsVersion = 15.4;
						TestTargetID = BDEDEA962C4054C300D3D348;
					};
				};
			};
			buildConfigurationList = BDEDEA922C4054C300D3D348 /* Build configuration list for PBXProject "aboutMeApp" */;
			compatibilityVersion = "Xcode 14.0";
			developmentRegion = en;
			hasScannedForEncodings = 0;
			knownRegions = (
				en,
				Base,
			);
			mainGroup = BDEDEA8E2C4054C300D3D348;
			productRefGroup = BDEDEA982C4054C300D3D348 /* Products */;
			projectDirPath = "";
			projectRoot = "";
			targets = (
				BDEDEA962C4054C300D3D348 /* aboutMeApp */,
				BDEDEAA62C4054C500D3D348 /* aboutMeAppTests */,
				BDEDEAB02C4054C500D3D348 /* aboutMeAppUITests */,
			);
		};
/* End PBXProject section */

/* Begin PBXResourcesBuildPhase section */
		BDEDEA952C4054C300D3D348 /* Resources */ = {
			isa = PBXResourcesBuildPhase;
			buildActionMask = 2147483647;
			files = (
				BDEDEAA22C4054C500D3D348 /* Preview Assets.xcassets in Resources */,
				BDEDEA9F2C4054C500D3D348 /* Assets.xcassets in Resources */,
			);
			runOnlyForDeploymentPostprocessing = 0;
		};
		BDEDEAA52C4054C500D3D348 /* Resources */ = {
			isa = PBXResourcesBuildPhase;
			buildActionMask = 2147483647;
			files = (
			);
			runOnlyForDeploymentPostprocessing = 0;
		};
		BDEDEAAF2C4054C500D3D348 /* Resources */ = {
			isa = PBXResourcesBuildPhase;
			buildActionMask = 2147483647;
			files = (
			);
			runOnlyForDeploymentPostprocessing = 0;
		};
/* End PBXResourcesBuildPhase section */

/* Begin PBXSourcesBuildPhase section */
		BDEDEA932C4054C300D3D348 /* Sources */ = {
			isa = PBXSourcesBuildPhase;
			buildActionMask = 2147483647;
			files = (
				BDEDEA9D2C4054C300D3D348 /* ContentView.swift in Sources */,
				BDEDEA9B2C4054C300D3D348 /* aboutMeAppApp.swift in Sources */,
			);
			runOnlyForDeploymentPostprocessing = 0;
		};
		BDEDEAA32C4054C500D3D348 /* Sources */ = {
			isa = PBXSourcesBuildPhase;
			buildActionMask = 2147483647;
			files = (
				BDEDEAAC2C4054C500D3D348 /* aboutMeAppTests.swift in Sources */,
			);
			runOnlyForDeploymentPostprocessing = 0;
		};
		BDEDEAAD2C4054C500D3D348 /* Sources */ = {
			isa = PBXSourcesBuildPhase;
			buildActionMask = 2147483647;
			files = (
				BDEDEAB82C4054C500D3D348 /* aboutMeAppUITestsLaunchTests.swift in Sources */,
				BDEDEAB62C4054C500D3D348 /* aboutMeAppUITests.swift in Sources */,
			);
			runOnlyForDeploymentPostprocessing = 0;
		};
/* End PBXSourcesBuildPhase section */

/* Begin PBXTargetDependency section */
		BDEDEAA92C4054C500D3D348 /* PBXTargetDependency */ = {
			isa = PBXTargetDependency;
			target = BDEDEA962C4054C300D3D348 /* aboutMeApp */;
			targetProxy = BDEDEAA82C4054C500D3D348 /* PBXContainerItemProxy */;
		};
		BDEDEAB32C4054C500D3D348 /* PBXTargetDependency */ = {
			isa = PBXTargetDependency;
			target = BDEDEA962C4054C300D3D348 /* aboutMeApp */;
			targetProxy = BDEDEAB22C4054C500D3D348 /* PBXContainerItemProxy */;
		};
/* End PBXTargetDependency section */

/* Begin XCBuildConfiguration section */
		BDEDEAB92C4054C500D3D348 /* Debug */ = {
			isa = XCBuildConfiguration;
			buildSettings = {
				ALWAYS_SEARCH_USER_PATHS = NO;
				ASSETCATALOG_COMPILER_GENERATE_SWIFT_ASSET_SYMBOL_EXTENSIONS = YES;
				CLANG_ANALYZER_NONNULL = YES;
				CLANG_ANALYZER_NUMBER_OBJECT_CONVERSION = YES_AGGRESSIVE;
				CLANG_CXX_LANGUAGE_STANDARD = "gnu++20";
				CLANG_ENABLE_MODULES = YES;
				CLANG_ENABLE_OBJC_ARC = YES;
				CLANG_ENABLE_OBJC_WEAK = YES;
				CLANG_WARN_BLOCK_CAPTURE_AUTORELEASING = YES;
				CLANG_WARN_BOOL_CONVERSION = YES;
				CLANG_WARN_COMMA = YES;
				CLANG_WARN_CONSTANT_CONVERSION = YES;
				CLANG_WARN_DEPRECATED_OBJC_IMPLEMENTATIONS = YES;
				CLANG_WARN_DIRECT_OBJC_ISA_USAGE = YES_ERROR;
				CLANG_WARN_DOCUMENTATION_COMMENTS = YES;
				CLANG_WARN_EMPTY_BODY = YES;
				CLANG_WARN_ENUM_CONVERSION = YES;
				CLANG_WARN_INFINITE_RECURSION = YES;
				CLANG_WARN_INT_CONVERSION = YES;
				CLANG_WARN_NON_LITERAL_NULL_CONVERSION = YES;
				CLANG_WARN_OBJC_IMPLICIT_RETAIN_SELF = YES;
				CLANG_WARN_OBJC_LITERAL_CONVERSION = YES;
				CLANG_WARN_OBJC_ROOT_CLASS = YES_ERROR;
				CLANG_WARN_QUOTED_INCLUDE_IN_FRAMEWORK_HEADER = YES;
				CLANG_WARN_RANGE_LOOP_ANALYSIS = YES;
				CLANG_WARN_STRICT_PROTOTYPES = YES;
				CLANG_WARN_SUSPICIOUS_MOVE = YES;
				CLANG_WARN_UNGUARDED_AVAILABILITY = YES_AGGRESSIVE;
				CLANG_WARN_UNREACHABLE_CODE = YES;
				CLANG_WARN__DUPLICATE_METHOD_MATCH = YES;
				COPY_PHASE_STRIP = NO;
				DEBUG_INFORMATION_FORMAT = dwarf;
				ENABLE_STRICT_OBJC_MSGSEND = YES;
				ENABLE_TESTABILITY = YES;
				ENABLE_USER_SCRIPT_SANDBOXING = YES;
				GCC_C_LANGUAGE_STANDARD = gnu17;
				GCC_DYNAMIC_NO_PIC = NO;
				GCC_NO_COMMON_BLOCKS = YES;
				GCC_OPTIMIZATION_LEVEL = 0;
				GCC_PREPROCESSOR_DEFINITIONS = (
					"DEBUG=1",
					"$(inherited)",
				);
				GCC_WARN_64_TO_32_BIT_CONVERSION = YES;
				GCC_WARN_ABOUT_RETURN_TYPE = YES_ERROR;
				GCC_WARN_UNDECLARED_SELECTOR = YES;
				GCC_WARN_UNINITIALIZED_AUTOS = YES_AGGRESSIVE;
				GCC_WARN_UNUSED_FUNCTION = YES;
				GCC_WARN_UNUSED_VARIABLE = YES;
				IPHONEOS_DEPLOYMENT_TARGET = 17.5;
				LOCALIZATION_PREFERS_STRING_CATALOGS = YES;
				MTL_ENABLE_DEBUG_INFO = INCLUDE_SOURCE;
				MTL_FAST_MATH = YES;
				ONLY_ACTIVE_ARCH = YES;
				SDKROOT = iphoneos;
				SWIFT_ACTIVE_COMPILATION_CONDITIONS = "DEBUG $(inherited)";
				SWIFT_OPTIMIZATION_LEVEL = "-Onone";
			};
			name = Debug;
		};
		BDEDEABA2C4054C500D3D348 /* Release */ = {
			isa = XCBuildConfiguration;
			buildSettings = {
				ALWAYS_SEARCH_USER_PATHS = NO;
				ASSETCATALOG_COMPILER_GENERATE_SWIFT_ASSET_SYMBOL_EXTENSIONS = YES;
				CLANG_ANALYZER_NONNULL = YES;
				CLANG_ANALYZER_NUMBER_OBJECT_CONVERSION = YES_AGGRESSIVE;
				CLANG_CXX_LANGUAGE_STANDARD = "gnu++20";
				CLANG_ENABLE_MODULES = YES;
				CLANG_ENABLE_OBJC_ARC = YES;
				CLANG_ENABLE_OBJC_WEAK = YES;
				CLANG_WARN_BLOCK_CAPTURE_AUTORELEASING = YES;
				CLANG_WARN_BOOL_CONVERSION = YES;
				CLANG_WARN_COMMA = YES;
				CLANG_WARN_CONSTANT_CONVERSION = YES;
				CLANG_WARN_DEPRECATED_OBJC_IMPLEMENTATIONS = YES;
				CLANG_WARN_DIRECT_OBJC_ISA_USAGE = YES_ERROR;
				CLANG_WARN_DOCUMENTATION_COMMENTS = YES;
				CLANG_WARN_EMPTY_BODY = YES;
				CLANG_WARN_ENUM_CONVERSION = YES;
				CLANG_WARN_INFINITE_RECURSION = YES;
				CLANG_WARN_INT_CONVERSION = YES;
				CLANG_WARN_NON_LITERAL_NULL_CONVERSION = YES;
				CLANG_WARN_OBJC_IMPLICIT_RETAIN_SELF = YES;
				CLANG_WARN_OBJC_LITERAL_CONVERSION = YES;
				CLANG_WARN_OBJC_ROOT_CLASS = YES_ERROR;
				CLANG_WARN_QUOTED_INCLUDE_IN_FRAMEWORK_HEADER = YES;
				CLANG_WARN_RANGE_LOOP_ANALYSIS = YES;
				CLANG_WARN_STRICT_PROTOTYPES = YES;
				CLANG_WARN_SUSPICIOUS_MOVE = YES;
				CLANG_WARN_UNGUARDED_AVAILABILITY = YES_AGGRESSIVE;
				CLANG_WARN_UNREACHABLE_CODE = YES;
				CLANG_WARN__DUPLICATE_METHOD_MATCH = YES;
				COPY_PHASE_STRIP = NO;
				DEBUG_INFORMATION_FORMAT = "dwarf-with-dsym";
				ENABLE_NS_ASSERTIONS = NO;
				ENABLE_STRICT_OBJC_MSGSEND = YES;
				ENABLE_USER_SCRIPT_SANDBOXING = YES;
				GCC_C_LANGUAGE_STANDARD = gnu17;
				GCC_NO_COMMON_BLOCKS = YES;
				GCC_WARN_64_TO_32_BIT_CONVERSION = YES;
				GCC_WARN_ABOUT_RETURN_TYPE = YES_ERROR;
				GCC_WARN_UNDECLARED_SELECTOR = YES;
				GCC_WARN_UNINITIALIZED_AUTOS = YES_AGGRESSIVE;
				GCC_WARN_UNUSED_FUNCTION = YES;
				GCC_WARN_UNUSED_VARIABLE = YES;
				IPHONEOS_DEPLOYMENT_TARGET = 17.5;
				LOCALIZATION_PREFERS_STRING_CATALOGS = YES;
				MTL_ENABLE_DEBUG_INFO = NO;
				MTL_FAST_MATH = YES;
				SDKROOT = iphoneos;
				SWIFT_COMPILATION_MODE = wholemodule;
				VALIDATE_PRODUCT = YES;
			};
			name = Release;
		};
		BDEDEABC2C4054C500D3D348 /* Debug */ = {
			isa = XCBuildConfiguration;
			buildSettings = {
				ASSETCATALOG_COMPILER_APPICON_NAME = AppIcon;
				ASSETCATALOG_COMPILER_GLOBAL_ACCENT_COLOR_NAME = AccentColor;
				CODE_SIGN_STYLE = Automatic;
				CURRENT_PROJECT_VERSION = 1;
				DEVELOPMENT_ASSET_PATHS = "\"aboutMeApp/Preview Content\"";
				ENABLE_PREVIEWS = YES;
				GENERATE_INFOPLIST_FILE = YES;
				INFOPLIST_KEY_UIApplicationSceneManifest_Generation = YES;
				INFOPLIST_KEY_UIApplicationSupportsIndirectInputEvents = YES;
				INFOPLIST_KEY_UILaunchScreen_Generation = YES;
				INFOPLIST_KEY_UISupportedInterfaceOrientations_iPad = "UIInterfaceOrientationPortrait UIInterfaceOrientationPortraitUpsideDown UIInterfaceOrientationLandscapeLeft UIInterfaceOrientationLandscapeRight";
				INFOPLIST_KEY_UISupportedInterfaceOrientations_iPhone = "UIInterfaceOrientationPortrait UIInterfaceOrientationLandscapeLeft UIInterfaceOrientationLandscapeRight";
				LD_RUNPATH_SEARCH_PATHS = (
					"$(inherited)",
					"@executable_path/Frameworks",
				);
				MARKETING_VERSION = 1.0;
				PRODUCT_BUNDLE_IDENTIFIER = "Kode-With-Klossy.aboutMeApp";
				PRODUCT_NAME = "$(TARGET_NAME)";
				SWIFT_EMIT_LOC_STRINGS = YES;
				SWIFT_VERSION = 5.0;
				TARGETED_DEVICE_FAMILY = "1,2";
			};
			name = Debug;
		};
		BDEDEABD2C4054C500D3D348 /* Release */ = {
			isa = XCBuildConfiguration;
			buildSettings = {
				ASSETCATALOG_COMPILER_APPICON_NAME = AppIcon;
				ASSETCATALOG_COMPILER_GLOBAL_ACCENT_COLOR_NAME = AccentColor;
				CODE_SIGN_STYLE = Automatic;
				CURRENT_PROJECT_VERSION = 1;
				DEVELOPMENT_ASSET_PATHS = "\"aboutMeApp/Preview Content\"";
				ENABLE_PREVIEWS = YES;
				GENERATE_INFOPLIST_FILE = YES;
				INFOPLIST_KEY_UIApplicationSceneManifest_Generation = YES;
				INFOPLIST_KEY_UIApplicationSupportsIndirectInputEvents = YES;
				INFOPLIST_KEY_UILaunchScreen_Generation = YES;
				INFOPLIST_KEY_UISupportedInterfaceOrientations_iPad = "UIInterfaceOrientationPortrait UIInterfaceOrientationPortraitUpsideDown UIInterfaceOrientationLandscapeLeft UIInterfaceOrientationLandscapeRight";
				INFOPLIST_KEY_UISupportedInterfaceOrientations_iPhone = "UIInterfaceOrientationPortrait UIInterfaceOrientationLandscapeLeft UIInterfaceOrientationLandscapeRight";
				LD_RUNPATH_SEARCH_PATHS = (
					"$(inherited)",
					"@executable_path/Frameworks",
				);
				MARKETING_VERSION = 1.0;
				PRODUCT_BUNDLE_IDENTIFIER = "Kode-With-Klossy.aboutMeApp";
				PRODUCT_NAME = "$(TARGET_NAME)";
				SWIFT_EMIT_LOC_STRINGS = YES;
				SWIFT_VERSION = 5.0;
				TARGETED_DEVICE_FAMILY = "1,2";
			};
			name = Release;
		};
		BDEDEABF2C4054C500D3D348 /* Debug */ = {
			isa = XCBuildConfiguration;
			buildSettings = {
				ALWAYS_EMBED_SWIFT_STANDARD_LIBRARIES = YES;
				BUNDLE_LOADER = "$(TEST_HOST)";
				CODE_SIGN_STYLE = Automatic;
				CURRENT_PROJECT_VERSION = 1;
				GENERATE_INFOPLIST_FILE = YES;
				IPHONEOS_DEPLOYMENT_TARGET = 17.5;
				MARKETING_VERSION = 1.0;
				PRODUCT_BUNDLE_IDENTIFIER = "Kode-With-Klossy.aboutMeAppTests";
				PRODUCT_NAME = "$(TARGET_NAME)";
				SWIFT_EMIT_LOC_STRINGS = NO;
				SWIFT_VERSION = 5.0;
				TARGETED_DEVICE_FAMILY = "1,2";
				TEST_HOST = "$(BUILT_PRODUCTS_DIR)/aboutMeApp.app/$(BUNDLE_EXECUTABLE_FOLDER_PATH)/aboutMeApp";
			};
			name = Debug;
		};
		BDEDEAC02C4054C500D3D348 /* Release */ = {
			isa = XCBuildConfiguration;
			buildSettings = {
				ALWAYS_EMBED_SWIFT_STANDARD_LIBRARIES = YES;
				BUNDLE_LOADER = "$(TEST_HOST)";
				CODE_SIGN_STYLE = Automatic;
				CURRENT_PROJECT_VERSION = 1;
				GENERATE_INFOPLIST_FILE = YES;
				IPHONEOS_DEPLOYMENT_TARGET = 17.5;
				MARKETING_VERSION = 1.0;
				PRODUCT_BUNDLE_IDENTIFIER = "Kode-With-Klossy.aboutMeAppTests";
				PRODUCT_NAME = "$(TARGET_NAME)";
				SWIFT_EMIT_LOC_STRINGS = NO;
				SWIFT_VERSION = 5.0;
				TARGETED_DEVICE_FAMILY = "1,2";
				TEST_HOST = "$(BUILT_PRODUCTS_DIR)/aboutMeApp.app/$(BUNDLE_EXECUTABLE_FOLDER_PATH)/aboutMeApp";
			};
			name = Release;
		};
		BDEDEAC22C4054C500D3D348 /* Debug */ = {
			isa = XCBuildConfiguration;
			buildSettings = {
				ALWAYS_EMBED_SWIFT_STANDARD_LIBRARIES = YES;
				CODE_SIGN_STYLE = Automatic;
				CURRENT_PROJECT_VERSION = 1;
				GENERATE_INFOPLIST_FILE = YES;
				MARKETING_VERSION = 1.0;
				PRODUCT_BUNDLE_IDENTIFIER = "Kode-With-Klossy.aboutMeAppUITests";
				PRODUCT_NAME = "$(TARGET_NAME)";
				SWIFT_EMIT_LOC_STRINGS = NO;
				SWIFT_VERSION = 5.0;
				TARGETED_DEVICE_FAMILY = "1,2";
				TEST_TARGET_NAME = aboutMeApp;
			};
			name = Debug;
		};
		BDEDEAC32C4054C500D3D348 /* Release */ = {
			isa = XCBuildConfiguration;
			buildSettings = {
				ALWAYS_EMBED_SWIFT_STANDARD_LIBRARIES = YES;
				CODE_SIGN_STYLE = Automatic;
				CURRENT_PROJECT_VERSION = 1;
				GENERATE_INFOPLIST_FILE = YES;
				MARKETING_VERSION = 1.0;
				PRODUCT_BUNDLE_IDENTIFIER = "Kode-With-Klossy.aboutMeAppUITests";
				PRODUCT_NAME = "$(TARGET_NAME)";
				SWIFT_EMIT_LOC_STRINGS = NO;
				SWIFT_VERSION = 5.0;
				TARGETED_DEVICE_FAMILY = "1,2";
				TEST_TARGET_NAME = aboutMeApp;
			};
			name = Release;
		};
/* End XCBuildConfiguration section */

/* Begin XCConfigurationList section */
		BDEDEA922C4054C300D3D348 /* Build configuration list for PBXProject "aboutMeApp" */ = {
			isa = XCConfigurationList;
			buildConfigurations = (
				BDEDEAB92C4054C500D3D348 /* Debug */,
				BDEDEABA2C4054C500D3D348 /* Release */,
			);
			defaultConfigurationIsVisible = 0;
			defaultConfigurationName = Release;
		};
		BDEDEABB2C4054C500D3D348 /* Build configuration list for PBXNativeTarget "aboutMeApp" */ = {
			isa = XCConfigurationList;
			buildConfigurations = (
				BDEDEABC2C4054C500D3D348 /* Debug */,
				BDEDEABD2C4054C500D3D348 /* Release */,
			);
			defaultConfigurationIsVisible = 0;
			defaultConfigurationName = Release;
		};
		BDEDEABE2C4054C500D3D348 /* Build configuration list for PBXNativeTarget "aboutMeAppTests" */ = {
			isa = XCConfigurationList;
			buildConfigurations = (
				BDEDEABF2C4054C500D3D348 /* Debug */,
				BDEDEAC02C4054C500D3D348 /* Release */,
			);
			defaultConfigurationIsVisible = 0;
			defaultConfigurationName = Release;
		};
		BDEDEAC12C4054C500D3D348 /* Build configuration list for PBXNativeTarget "aboutMeAppUITests" */ = {
			isa = XCConfigurationList;
			buildConfigurations = (
				BDEDEAC22C4054C500D3D348 /* Debug */,
				BDEDEAC32C4054C500D3D348 /* Release */,
			);
			defaultConfigurationIsVisible = 0;
			defaultConfigurationName = Release;
		};
/* End XCConfigurationList section */
	};
	rootObject = BDEDEA8F2C4054C300D3D348 /* Project object */;
}
